
Microsoft Visual Studio Solution File, Format Version 12.00
# Visual Studio 15
VisualStudioVersion = 15.0.27130.2027
MinimumVisualStudioVersion = 10.0.40219.1
Project("{8BC9CEB8-8B4A-11D0-8D11-00A0C91BC942}") = "Project1", "Project1\Project1.vcxproj", "{AAA7F9A2-E4AA-4F40-B073-1820D7E40CD0}"
EndProject
Global
	GlobalSection(SolutionConfigurationPlatforms) = preSolution
		Debug|x64 = Debug|x64
		Debug|x86 = Debug|x86
		Release|x64 = Release|x64
		Release|x86 = Release|x86
	EndGlobalSection
	GlobalSection(ProjectConfigurationPlatforms) = postSolution
		{AAA7F9A2-E4AA-4F40-B073-1820D7E40CD0}.Debug|x64.ActiveCfg = Debug|x64
		{AAA7F9A2-E4AA-4F40-B073-1820D7E40CD0}.Debug|x64.Build.0 = Debug|x64
		{AAA7F9A2-E4AA-4F40-B073-1820D7E40CD0}.Debug|x86.ActiveCfg = Debug|Win32
		{AAA7F9A2-E4AA-4F40-B073-1820D7E40CD0}.Debug|x86.Build.0 = Debug|Win32
		{AAA7F9A2-E4AA-4F40-B073-1820D7E40CD0}.Release|x64.ActiveCfg = Release|x64
		{AAA7F9A2-E4AA-4F40-B073-1820D7E40CD0}.Release|x64.Build.0 = Release|x64
		{AAA7F9A2-E4AA-4F40-B073-1820D7E40CD0}.Release|x86.ActiveCfg = Release|Win32
		{AAA7F9A2-E4AA-4F40-B073-1820D7E40CD0}.Release|x86.Build.0 = Release|Win32
	EndGlobalSection
	GlobalSection(SolutionProperties) = preSolution
		HideSolutionNode = FALSE
	EndGlobalSection
	GlobalSection(ExtensibilityGlobals) = postSolution
		SolutionGuid = {B1228A94-81B2-4359-BFF2-1C73833E5BC9}
	EndGlobalSection
EndGlobal
